
Microsoft Visual Studio Solution File, Format Version 12.00
# Visual Studio Version 17
VisualStudioVersion = 17.6.33723.286
MinimumVisualStudioVersion = 10.0.40219.1
Project("{9A19103F-16F7-4668-BE54-9A1E7A4F7556}") = "Stage0", "Stage0\Stage0.csproj", "{C8320FF0-14E5-42F1-8D7A-20CD32FC3F6D}"
EndProject
Project("{2150E333-8FDC-42A3-9474-1A3956D46DE8}") = "Solution Items", "Solution Items", "{85F5B93F-74D1-464D-A75A-AD0622643884}"
	ProjectSection(SolutionItems) = preProject
		..\README.md = ..\README.md
	EndProjectSection
EndProject
Project("{FAE04EC0-301F-11D3-BF4B-00C04F79EFBC}") = "DalFacade", "DalFacade\DalFacade.csproj", "{2C0CD40C-D764-4473-9293-5A8280BA28F1}"
EndProject
Project("{FAE04EC0-301F-11D3-BF4B-00C04F79EFBC}") = "DalList", "DalList\DalList.csproj", "{B62B4AB4-0408-4A1D-9B30-C4E86E9A5E63}"
EndProject
Project("{FAE04EC0-301F-11D3-BF4B-00C04F79EFBC}") = "DalTest", "DalTest\DalTest.csproj", "{B74A4D0E-FFBD-456D-BC46-CB9C29AC7DBA}"
EndProject
Global
	GlobalSection(SolutionConfigurationPlatforms) = preSolution
		Debug|Any CPU = Debug|Any CPU
		Release|Any CPU = Release|Any CPU
	EndGlobalSection
	GlobalSection(ProjectConfigurationPlatforms) = postSolution
		{C8320FF0-14E5-42F1-8D7A-20CD32FC3F6D}.Debug|Any CPU.ActiveCfg = Debug|Any CPU
		{C8320FF0-14E5-42F1-8D7A-20CD32FC3F6D}.Debug|Any CPU.Build.0 = Debug|Any CPU
		{C8320FF0-14E5-42F1-8D7A-20CD32FC3F6D}.Release|Any CPU.ActiveCfg = Release|Any CPU
		{C8320FF0-14E5-42F1-8D7A-20CD32FC3F6D}.Release|Any CPU.Build.0 = Release|Any CPU
		{2C0CD40C-D764-4473-9293-5A8280BA28F1}.Debug|Any CPU.ActiveCfg = Debug|Any CPU
		{2C0CD40C-D764-4473-9293-5A8280BA28F1}.Debug|Any CPU.Build.0 = Debug|Any CPU
		{2C0CD40C-D764-4473-9293-5A8280BA28F1}.Release|Any CPU.ActiveCfg = Release|Any CPU
		{2C0CD40C-D764-4473-9293-5A8280BA28F1}.Release|Any CPU.Build.0 = Release|Any CPU
		{B62B4AB4-0408-4A1D-9B30-C4E86E9A5E63}.Debug|Any CPU.ActiveCfg = Debug|Any CPU
		{B62B4AB4-0408-4A1D-9B30-C4E86E9A5E63}.Debug|Any CPU.Build.0 = Debug|Any CPU
		{B62B4AB4-0408-4A1D-9B30-C4E86E9A5E63}.Release|Any CPU.ActiveCfg = Release|Any CPU
		{B62B4AB4-0408-4A1D-9B30-C4E86E9A5E63}.Release|Any CPU.Build.0 = Release|Any CPU
		{B74A4D0E-FFBD-456D-BC46-CB9C29AC7DBA}.Debug|Any CPU.ActiveCfg = Debug|Any CPU
		{B74A4D0E-FFBD-456D-BC46-CB9C29AC7DBA}.Debug|Any CPU.Build.0 = Debug|Any CPU
		{B74A4D0E-FFBD-456D-BC46-CB9C29AC7DBA}.Release|Any CPU.ActiveCfg = Release|Any CPU
		{B74A4D0E-FFBD-456D-BC46-CB9C29AC7DBA}.Release|Any CPU.Build.0 = Release|Any CPU
	EndGlobalSection
	GlobalSection(SolutionProperties) = preSolution
		HideSolutionNode = FALSE
	EndGlobalSection
	GlobalSection(ExtensibilityGlobals) = postSolution
		SolutionGuid = {EA6220A1-C452-46F5-A5CC-CD5CF611710E}
	EndGlobalSection
EndGlobal
